
Microsoft Visual Studio Solution File, Format Version 12.00
# Visual Studio 15
VisualStudioVersion = 15.0.28010.2050
MinimumVisualStudioVersion = 10.0.40219.1
Project("{FAE04EC0-301F-11D3-BF4B-00C04F79EFBC}") = "SnmpAgent.Android", "SnmpAgent\SnmpAgent.Android\SnmpAgent.Android.csproj", "{FFC83F0A-69C9-4CD6-888C-1C380DCC1F23}"
EndProject
Project("{FAE04EC0-301F-11D3-BF4B-00C04F79EFBC}") = "SnmpAgent.iOS", "SnmpAgent\SnmpAgent.iOS\SnmpAgent.iOS.csproj", "{5C3F4A79-0646-41D3-88A2-586D954456FD}"
EndProject
Project("{FAE04EC0-301F-11D3-BF4B-00C04F79EFBC}") = "SnmpAgent.UWP", "SnmpAgent\SnmpAgent.UWP\SnmpAgent.UWP.csproj", "{8736BB00-7021-42B9-8140-9099DCE87849}"
EndProject
Project("{9A19103F-16F7-4668-BE54-9A1E7A4F7556}") = "SnmpAgent", "SnmpAgent\SnmpAgent\SnmpAgent.csproj", "{CA656E14-09C3-4F5D-8369-3E52D61FE5D9}"
EndProject
Project("{9A19103F-16F7-4668-BE54-9A1E7A4F7556}") = "SharpSnmpLib", "SnmpAgent\SharpSnmpLib\SharpSnmpLib.csproj", "{6579FFFA-AF43-4A33-B095-33CF74176461}"
EndProject
Project("{FAE04EC0-301F-11D3-BF4B-00C04F79EFBC}") = "RemObjects.Mono.Helpers", "SnmpAgent\RemObjects.Mono.Helpers\RemObjects.Mono.Helpers.csproj", "{5E9B9AB3-59E8-44FA-B3DC-5EE67800C462}"
EndProject
Global
	GlobalSection(SolutionConfigurationPlatforms) = preSolution
		Ad-Hoc|Any CPU = Ad-Hoc|Any CPU
		Ad-Hoc|ARM = Ad-Hoc|ARM
		Ad-Hoc|iPhone = Ad-Hoc|iPhone
		Ad-Hoc|iPhoneSimulator = Ad-Hoc|iPhoneSimulator
		Ad-Hoc|x64 = Ad-Hoc|x64
		Ad-Hoc|x86 = Ad-Hoc|x86
		AppStore|Any CPU = AppStore|Any CPU
		AppStore|ARM = AppStore|ARM
		AppStore|iPhone = AppStore|iPhone
		AppStore|iPhoneSimulator = AppStore|iPhoneSimulator
		AppStore|x64 = AppStore|x64
		AppStore|x86 = AppStore|x86
		Debug|Any CPU = Debug|Any CPU
		Debug|ARM = Debug|ARM
		Debug|iPhone = Debug|iPhone
		Debug|iPhoneSimulator = Debug|iPhoneSimulator
		Debug|x64 = Debug|x64
		Debug|x86 = Debug|x86
		Perf|Any CPU = Perf|Any CPU
		Perf|ARM = Perf|ARM
		Perf|iPhone = Perf|iPhone
		Perf|iPhoneSimulator = Perf|iPhoneSimulator
		Perf|x64 = Perf|x64
		Perf|x86 = Perf|x86
		Release|Any CPU = Release|Any CPU
		Release|ARM = Release|ARM
		Release|iPhone = Release|iPhone
		Release|iPhoneSimulator = Release|iPhoneSimulator
		Release|x64 = Release|x64
		Release|x86 = Release|x86
	EndGlobalSection
	GlobalSection(ProjectConfigurationPlatforms) = postSolution
		{FFC83F0A-69C9-4CD6-888C-1C380DCC1F23}.Ad-Hoc|Any CPU.ActiveCfg = Release|Any CPU
		{FFC83F0A-69C9-4CD6-888C-1C380DCC1F23}.Ad-Hoc|Any CPU.Build.0 = Release|Any CPU
		{FFC83F0A-69C9-4CD6-888C-1C380DCC1F23}.Ad-Hoc|Any CPU.Deploy.0 = Release|Any CPU
		{FFC83F0A-69C9-4CD6-888C-1C380DCC1F23}.Ad-Hoc|ARM.ActiveCfg = Release|Any CPU
		{FFC83F0A-69C9-4CD6-888C-1C380DCC1F23}.Ad-Hoc|ARM.Build.0 = Release|Any CPU
		{FFC83F0A-69C9-4CD6-888C-1C380DCC1F23}.Ad-Hoc|ARM.Deploy.0 = Release|Any CPU
		{FFC83F0A-69C9-4CD6-888C-1C380DCC1F23}.Ad-Hoc|iPhone.ActiveCfg = Release|Any CPU
		{FFC83F0A-69C9-4CD6-888C-1C380DCC1F23}.Ad-Hoc|iPhone.Build.0 = Release|Any CPU
		{FFC83F0A-69C9-4CD6-888C-1C380DCC1F23}.Ad-Hoc|iPhone.Deploy.0 = Release|Any CPU
		{FFC83F0A-69C9-4CD6-888C-1C380DCC1F23}.Ad-Hoc|iPhoneSimulator.ActiveCfg = Release|Any CPU
		{FFC83F0A-69C9-4CD6-888C-1C380DCC1F23}.Ad-Hoc|iPhoneSimulator.Build.0 = Release|Any CPU
		{FFC83F0A-69C9-4CD6-888C-1C380DCC1F23}.Ad-Hoc|iPhoneSimulator.Deploy.0 = Release|Any CPU
		{FFC83F0A-69C9-4CD6-888C-1C380DCC1F23}.Ad-Hoc|x64.ActiveCfg = Release|Any CPU
		{FFC83F0A-69C9-4CD6-888C-1C380DCC1F23}.Ad-Hoc|x64.Build.0 = Release|Any CPU
		{FFC83F0A-69C9-4CD6-888C-1C380DCC1F23}.Ad-Hoc|x64.Deploy.0 = Release|Any CPU
		{FFC83F0A-69C9-4CD6-888C-1C380DCC1F23}.Ad-Hoc|x86.ActiveCfg = Release|Any CPU
		{FFC83F0A-69C9-4CD6-888C-1C380DCC1F23}.Ad-Hoc|x86.Build.0 = Release|Any CPU
		{FFC83F0A-69C9-4CD6-888C-1C380DCC1F23}.Ad-Hoc|x86.Deploy.0 = Release|Any CPU
		{FFC83F0A-69C9-4CD6-888C-1C380DCC1F23}.AppStore|Any CPU.ActiveCfg = Release|Any CPU
		{FFC83F0A-69C9-4CD6-888C-1C380DCC1F23}.AppStore|Any CPU.Build.0 = Release|Any CPU
		{FFC83F0A-69C9-4CD6-888C-1C380DCC1F23}.AppStore|Any CPU.Deploy.0 = Release|Any CPU
		{FFC83F0A-69C9-4CD6-888C-1C380DCC1F23}.AppStore|ARM.ActiveCfg = Release|Any CPU
		{FFC83F0A-69C9-4CD6-888C-1C380DCC1F23}.AppStore|ARM.Build.0 = Release|Any CPU
		{FFC83F0A-69C9-4CD6-888C-1C380DCC1F23}.AppStore|ARM.Deploy.0 = Release|Any CPU
		{FFC83F0A-69C9-4CD6-888C-1C380DCC1F23}.AppStore|iPhone.ActiveCfg = Release|Any CPU
		{FFC83F0A-69C9-4CD6-888C-1C380DCC1F23}.AppStore|iPhone.Build.0 = Release|Any CPU
		{FFC83F0A-69C9-4CD6-888C-1C380DCC1F23}.AppStore|iPhone.Deploy.0 = Release|Any CPU
		{FFC83F0A-69C9-4CD6-888C-1C380DCC1F23}.AppStore|iPhoneSimulator.ActiveCfg = Release|Any CPU
		{FFC83F0A-69C9-4CD6-888C-1C380DCC1F23}.AppStore|iPhoneSimulator.Build.0 = Release|Any CPU
		{FFC83F0A-69C9-4CD6-888C-1C380DCC1F23}.AppStore|iPhoneSimulator.Deploy.0 = Release|Any CPU
		{FFC83F0A-69C9-4CD6-888C-1C380DCC1F23}.AppStore|x64.ActiveCfg = Release|Any CPU
		{FFC83F0A-69C9-4CD6-888C-1C380DCC1F23}.AppStore|x64.Build.0 = Release|Any CPU
		{FFC83F0A-69C9-4CD6-888C-1C380DCC1F23}.AppStore|x64.Deploy.0 = Release|Any CPU
		{FFC83F0A-69C9-4CD6-888C-1C380DCC1F23}.AppStore|x86.ActiveCfg = Release|Any CPU
		{FFC83F0A-69C9-4CD6-888C-1C380DCC1F23}.AppStore|x86.Build.0 = Release|Any CPU
		{FFC83F0A-69C9-4CD6-888C-1C380DCC1F23}.AppStore|x86.Deploy.0 = Release|Any CPU
		{FFC83F0A-69C9-4CD6-888C-1C380DCC1F23}.Debug|Any CPU.ActiveCfg = Debug|Any CPU
		{FFC83F0A-69C9-4CD6-888C-1C380DCC1F23}.Debug|Any CPU.Build.0 = Debug|Any CPU
		{FFC83F0A-69C9-4CD6-888C-1C380DCC1F23}.Debug|Any CPU.Deploy.0 = Debug|Any CPU
		{FFC83F0A-69C9-4CD6-888C-1C380DCC1F23}.Debug|ARM.ActiveCfg = Debug|Any CPU
		{FFC83F0A-69C9-4CD6-888C-1C380DCC1F23}.Debug|ARM.Build.0 = Debug|Any CPU
		{FFC83F0A-69C9-4CD6-888C-1C380DCC1F23}.Debug|ARM.Deploy.0 = Debug|Any CPU
		{FFC83F0A-69C9-4CD6-888C-1C380DCC1F23}.Debug|iPhone.ActiveCfg = Debug|Any CPU
		{FFC83F0A-69C9-4CD6-888C-1C380DCC1F23}.Debug|iPhone.Build.0 = Debug|Any CPU
		{FFC83F0A-69C9-4CD6-888C-1C380DCC1F23}.Debug|iPhone.Deploy.0 = Debug|Any CPU
		{FFC83F0A-69C9-4CD6-888C-1C380DCC1F23}.Debug|iPhoneSimulator.ActiveCfg = Debug|Any CPU
		{FFC83F0A-69C9-4CD6-888C-1C380DCC1F23}.Debug|iPhoneSimulator.Build.0 = Debug|Any CPU
		{FFC83F0A-69C9-4CD6-888C-1C380DCC1F23}.Debug|iPhoneSimulator.Deploy.0 = Debug|Any CPU
		{FFC83F0A-69C9-4CD6-888C-1C380DCC1F23}.Debug|x64.ActiveCfg = Debug|Any CPU
		{FFC83F0A-69C9-4CD6-888C-1C380DCC1F23}.Debug|x64.Build.0 = Debug|Any CPU
		{FFC83F0A-69C9-4CD6-888C-1C380DCC1F23}.Debug|x64.Deploy.0 = Debug|Any CPU
		{FFC83F0A-69C9-4CD6-888C-1C380DCC1F23}.Debug|x86.ActiveCfg = Debug|Any CPU
		{FFC83F0A-69C9-4CD6-888C-1C380DCC1F23}.Debug|x86.Build.0 = Debug|Any CPU
		{FFC83F0A-69C9-4CD6-888C-1C380DCC1F23}.Debug|x86.Deploy.0 = Debug|Any CPU
		{FFC83F0A-69C9-4CD6-888C-1C380DCC1F23}.Perf|Any CPU.ActiveCfg = Debug|Any CPU
		{FFC83F0A-69C9-4CD6-888C-1C380DCC1F23}.Perf|Any CPU.Build.0 = Debug|Any CPU
		{FFC83F0A-69C9-4CD6-888C-1C380DCC1F23}.Perf|Any CPU.Deploy.0 = Debug|Any CPU
		{FFC83F0A-69C9-4CD6-888C-1C380DCC1F23}.Perf|ARM.ActiveCfg = Debug|Any CPU
		{FFC83F0A-69C9-4CD6-888C-1C380DCC1F23}.Perf|ARM.Build.0 = Debug|Any CPU
		{FFC83F0A-69C9-4CD6-888C-1C380DCC1F23}.Perf|ARM.Deploy.0 = Debug|Any CPU
		{FFC83F0A-69C9-4CD6-888C-1C380DCC1F23}.Perf|iPhone.ActiveCfg = Debug|Any CPU
		{FFC83F0A-69C9-4CD6-888C-1C380DCC1F23}.Perf|iPhone.Build.0 = Debug|Any CPU
		{FFC83F0A-69C9-4CD6-888C-1C380DCC1F23}.Perf|iPhone.Deploy.0 = Debug|Any CPU
		{FFC83F0A-69C9-4CD6-888C-1C380DCC1F23}.Perf|iPhoneSimulator.ActiveCfg = Debug|Any CPU
		{FFC83F0A-69C9-4CD6-888C-1C380DCC1F23}.Perf|iPhoneSimulator.Build.0 = Debug|Any CPU
		{FFC83F0A-69C9-4CD6-888C-1C380DCC1F23}.Perf|iPhoneSimulator.Deploy.0 = Debug|Any CPU
		{FFC83F0A-69C9-4CD6-888C-1C380DCC1F23}.Perf|x64.ActiveCfg = Debug|Any CPU
		{FFC83F0A-69C9-4CD6-888C-1C380DCC1F23}.Perf|x64.Build.0 = Debug|Any CPU
		{FFC83F0A-69C9-4CD6-888C-1C380DCC1F23}.Perf|x64.Deploy.0 = Debug|Any CPU
		{FFC83F0A-69C9-4CD6-888C-1C380DCC1F23}.Perf|x86.ActiveCfg = Debug|Any CPU
		{FFC83F0A-69C9-4CD6-888C-1C380DCC1F23}.Perf|x86.Build.0 = Debug|Any CPU
		{FFC83F0A-69C9-4CD6-888C-1C380DCC1F23}.Perf|x86.Deploy.0 = Debug|Any CPU
		{FFC83F0A-69C9-4CD6-888C-1C380DCC1F23}.Release|Any CPU.ActiveCfg = Release|Any CPU
		{FFC83F0A-69C9-4CD6-888C-1C380DCC1F23}.Release|Any CPU.Build.0 = Release|Any CPU
		{FFC83F0A-69C9-4CD6-888C-1C380DCC1F23}.Release|Any CPU.Deploy.0 = Release|Any CPU
		{FFC83F0A-69C9-4CD6-888C-1C380DCC1F23}.Release|ARM.ActiveCfg = Release|Any CPU
		{FFC83F0A-69C9-4CD6-888C-1C380DCC1F23}.Release|ARM.Build.0 = Release|Any CPU
		{FFC83F0A-69C9-4CD6-888C-1C380DCC1F23}.Release|ARM.Deploy.0 = Release|Any CPU
		{FFC83F0A-69C9-4CD6-888C-1C380DCC1F23}.Release|iPhone.ActiveCfg = Release|Any CPU
		{FFC83F0A-69C9-4CD6-888C-1C380DCC1F23}.Release|iPhone.Build.0 = Release|Any CPU
		{FFC83F0A-69C9-4CD6-888C-1C380DCC1F23}.Release|iPhone.Deploy.0 = Release|Any CPU
		{FFC83F0A-69C9-4CD6-888C-1C380DCC1F23}.Release|iPhoneSimulator.ActiveCfg = Release|Any CPU
		{FFC83F0A-69C9-4CD6-888C-1C380DCC1F23}.Release|iPhoneSimulator.Build.0 = Release|Any CPU
		{FFC83F0A-69C9-4CD6-888C-1C380DCC1F23}.Release|iPhoneSimulator.Deploy.0 = Release|Any CPU
		{FFC83F0A-69C9-4CD6-888C-1C380DCC1F23}.Release|x64.ActiveCfg = Release|Any CPU
		{FFC83F0A-69C9-4CD6-888C-1C380DCC1F23}.Release|x64.Build.0 = Release|Any CPU
		{FFC83F0A-69C9-4CD6-888C-1C380DCC1F23}.Release|x64.Deploy.0 = Release|Any CPU
		{FFC83F0A-69C9-4CD6-888C-1C380DCC1F23}.Release|x86.ActiveCfg = Release|Any CPU
		{FFC83F0A-69C9-4CD6-888C-1C380DCC1F23}.Release|x86.Build.0 = Release|Any CPU
		{FFC83F0A-69C9-4CD6-888C-1C380DCC1F23}.Release|x86.Deploy.0 = Release|Any CPU
		{5C3F4A79-0646-41D3-88A2-586D954456FD}.Ad-Hoc|Any CPU.ActiveCfg = Ad-Hoc|iPhone
		{5C3F4A79-0646-41D3-88A2-586D954456FD}.Ad-Hoc|Any CPU.Build.0 = Ad-Hoc|iPhone
		{5C3F4A79-0646-41D3-88A2-586D954456FD}.Ad-Hoc|Any CPU.Deploy.0 = Ad-Hoc|iPhone
		{5C3F4A79-0646-41D3-88A2-586D954456FD}.Ad-Hoc|ARM.ActiveCfg = Ad-Hoc|iPhone
		{5C3F4A79-0646-41D3-88A2-586D954456FD}.Ad-Hoc|ARM.Build.0 = Ad-Hoc|iPhone
		{5C3F4A79-0646-41D3-88A2-586D954456FD}.Ad-Hoc|ARM.Deploy.0 = Ad-Hoc|iPhone
		{5C3F4A79-0646-41D3-88A2-586D954456FD}.Ad-Hoc|iPhone.ActiveCfg = Ad-Hoc|iPhone
		{5C3F4A79-0646-41D3-88A2-586D954456FD}.Ad-Hoc|iPhone.Build.0 = Ad-Hoc|iPhone
		{5C3F4A79-0646-41D3-88A2-586D954456FD}.Ad-Hoc|iPhone.Deploy.0 = Ad-Hoc|iPhone
		{5C3F4A79-0646-41D3-88A2-586D954456FD}.Ad-Hoc|iPhoneSimulator.ActiveCfg = Ad-Hoc|iPhoneSimulator
		{5C3F4A79-0646-41D3-88A2-586D954456FD}.Ad-Hoc|iPhoneSimulator.Build.0 = Ad-Hoc|iPhoneSimulator
		{5C3F4A79-0646-41D3-88A2-586D954456FD}.Ad-Hoc|iPhoneSimulator.Deploy.0 = Ad-Hoc|iPhoneSimulator
		{5C3F4A79-0646-41D3-88A2-586D954456FD}.Ad-Hoc|x64.ActiveCfg = Ad-Hoc|iPhone
		{5C3F4A79-0646-41D3-88A2-586D954456FD}.Ad-Hoc|x64.Build.0 = Ad-Hoc|iPhone
		{5C3F4A79-0646-41D3-88A2-586D954456FD}.Ad-Hoc|x64.Deploy.0 = Ad-Hoc|iPhone
		{5C3F4A79-0646-41D3-88A2-586D954456FD}.Ad-Hoc|x86.ActiveCfg = Ad-Hoc|iPhone
		{5C3F4A79-0646-41D3-88A2-586D954456FD}.Ad-Hoc|x86.Build.0 = Ad-Hoc|iPhone
		{5C3F4A79-0646-41D3-88A2-586D954456FD}.Ad-Hoc|x86.Deploy.0 = Ad-Hoc|iPhone
		{5C3F4A79-0646-41D3-88A2-586D954456FD}.AppStore|Any CPU.ActiveCfg = AppStore|iPhone
		{5C3F4A79-0646-41D3-88A2-586D954456FD}.AppStore|Any CPU.Build.0 = AppStore|iPhone
		{5C3F4A79-0646-41D3-88A2-586D954456FD}.AppStore|Any CPU.Deploy.0 = AppStore|iPhone
		{5C3F4A79-0646-41D3-88A2-586D954456FD}.AppStore|ARM.ActiveCfg = AppStore|iPhone
		{5C3F4A79-0646-41D3-88A2-586D954456FD}.AppStore|ARM.Build.0 = AppStore|iPhone
		{5C3F4A79-0646-41D3-88A2-586D954456FD}.AppStore|ARM.Deploy.0 = AppStore|iPhone
		{5C3F4A79-0646-41D3-88A2-586D954456FD}.AppStore|iPhone.ActiveCfg = AppStore|iPhone
		{5C3F4A79-0646-41D3-88A2-586D954456FD}.AppStore|iPhone.Build.0 = AppStore|iPhone
		{5C3F4A79-0646-41D3-88A2-586D954456FD}.AppStore|iPhone.Deploy.0 = AppStore|iPhone
		{5C3F4A79-0646-41D3-88A2-586D954456FD}.AppStore|iPhoneSimulator.ActiveCfg = AppStore|iPhoneSimulator
		{5C3F4A79-0646-41D3-88A2-586D954456FD}.AppStore|iPhoneSimulator.Build.0 = AppStore|iPhoneSimulator
		{5C3F4A79-0646-41D3-88A2-586D954456FD}.AppStore|iPhoneSimulator.Deploy.0 = AppStore|iPhoneSimulator
		{5C3F4A79-0646-41D3-88A2-586D954456FD}.AppStore|x64.ActiveCfg = AppStore|iPhone
		{5C3F4A79-0646-41D3-88A2-586D954456FD}.AppStore|x64.Build.0 = AppStore|iPhone
		{5C3F4A79-0646-41D3-88A2-586D954456FD}.AppStore|x64.Deploy.0 = AppStore|iPhone
		{5C3F4A79-0646-41D3-88A2-586D954456FD}.AppStore|x86.ActiveCfg = AppStore|iPhone
		{5C3F4A79-0646-41D3-88A2-586D954456FD}.AppStore|x86.Build.0 = AppStore|iPhone
		{5C3F4A79-0646-41D3-88A2-586D954456FD}.AppStore|x86.Deploy.0 = AppStore|iPhone
		{5C3F4A79-0646-41D3-88A2-586D954456FD}.Debug|Any CPU.ActiveCfg = Debug|iPhoneSimulator
		{5C3F4A79-0646-41D3-88A2-586D954456FD}.Debug|Any CPU.Build.0 = Debug|iPhoneSimulator
		{5C3F4A79-0646-41D3-88A2-586D954456FD}.Debug|Any CPU.Deploy.0 = Debug|iPhoneSimulator
		{5C3F4A79-0646-41D3-88A2-586D954456FD}.Debug|ARM.ActiveCfg = Debug|iPhone
		{5C3F4A79-0646-41D3-88A2-586D954456FD}.Debug|ARM.Build.0 = Debug|iPhone
		{5C3F4A79-0646-41D3-88A2-586D954456FD}.Debug|ARM.Deploy.0 = Debug|iPhone
		{5C3F4A79-0646-41D3-88A2-586D954456FD}.Debug|iPhone.ActiveCfg = Debug|iPhone
		{5C3F4A79-0646-41D3-88A2-586D954456FD}.Debug|iPhone.Build.0 = Debug|iPhone
		{5C3F4A79-0646-41D3-88A2-586D954456FD}.Debug|iPhone.Deploy.0 = Debug|iPhone
		{5C3F4A79-0646-41D3-88A2-586D954456FD}.Debug|iPhoneSimulator.ActiveCfg = Debug|iPhoneSimulator
		{5C3F4A79-0646-41D3-88A2-586D954456FD}.Debug|iPhoneSimulator.Build.0 = Debug|iPhoneSimulator
		{5C3F4A79-0646-41D3-88A2-586D954456FD}.Debug|iPhoneSimulator.Deploy.0 = Debug|iPhoneSimulator
		{5C3F4A79-0646-41D3-88A2-586D954456FD}.Debug|x64.ActiveCfg = Debug|iPhone
		{5C3F4A79-0646-41D3-88A2-586D954456FD}.Debug|x64.Build.0 = Debug|iPhone
		{5C3F4A79-0646-41D3-88A2-586D954456FD}.Debug|x64.Deploy.0 = Debug|iPhone
		{5C3F4A79-0646-41D3-88A2-586D954456FD}.Debug|x86.ActiveCfg = Debug|iPhone
		{5C3F4A79-0646-41D3-88A2-586D954456FD}.Debug|x86.Build.0 = Debug|iPhone
		{5C3F4A79-0646-41D3-88A2-586D954456FD}.Debug|x86.Deploy.0 = Debug|iPhone
		{5C3F4A79-0646-41D3-88A2-586D954456FD}.Perf|Any CPU.ActiveCfg = Release|iPhoneSimulator
		{5C3F4A79-0646-41D3-88A2-586D954456FD}.Perf|Any CPU.Build.0 = Release|iPhoneSimulator
		{5C3F4A79-0646-41D3-88A2-586D954456FD}.Perf|ARM.ActiveCfg = Release|iPhoneSimulator
		{5C3F4A79-0646-41D3-88A2-586D954456FD}.Perf|ARM.Build.0 = Release|iPhoneSimulator
		{5C3F4A79-0646-41D3-88A2-586D954456FD}.Perf|iPhone.ActiveCfg = Release|iPhone
		{5C3F4A79-0646-41D3-88A2-586D954456FD}.Perf|iPhone.Build.0 = Release|iPhone
		{5C3F4A79-0646-41D3-88A2-586D954456FD}.Perf|iPhoneSimulator.ActiveCfg = Release|iPhoneSimulator
		{5C3F4A79-0646-41D3-88A2-586D954456FD}.Perf|iPhoneSimulator.Build.0 = Release|iPhoneSimulator
		{5C3F4A79-0646-41D3-88A2-586D954456FD}.Perf|x64.ActiveCfg = Release|iPhoneSimulator
		{5C3F4A79-0646-41D3-88A2-586D954456FD}.Perf|x64.Build.0 = Release|iPhoneSimulator
		{5C3F4A79-0646-41D3-88A2-586D954456FD}.Perf|x86.ActiveCfg = Release|iPhoneSimulator
		{5C3F4A79-0646-41D3-88A2-586D954456FD}.Perf|x86.Build.0 = Release|iPhoneSimulator
		{5C3F4A79-0646-41D3-88A2-586D954456FD}.Release|Any CPU.ActiveCfg = Release|iPhone
		{5C3F4A79-0646-41D3-88A2-586D954456FD}.Release|Any CPU.Build.0 = Release|iPhone
		{5C3F4A79-0646-41D3-88A2-586D954456FD}.Release|Any CPU.Deploy.0 = Release|iPhone
		{5C3F4A79-0646-41D3-88A2-586D954456FD}.Release|ARM.ActiveCfg = Release|iPhone
		{5C3F4A79-0646-41D3-88A2-586D954456FD}.Release|ARM.Build.0 = Release|iPhone
		{5C3F4A79-0646-41D3-88A2-586D954456FD}.Release|ARM.Deploy.0 = Release|iPhone
		{5C3F4A79-0646-41D3-88A2-586D954456FD}.Release|iPhone.ActiveCfg = Release|iPhone
		{5C3F4A79-0646-41D3-88A2-586D954456FD}.Release|iPhone.Build.0 = Release|iPhone
		{5C3F4A79-0646-41D3-88A2-586D954456FD}.Release|iPhone.Deploy.0 = Release|iPhone
		{5C3F4A79-0646-41D3-88A2-586D954456FD}.Release|iPhoneSimulator.ActiveCfg = Release|iPhoneSimulator
		{5C3F4A79-0646-41D3-88A2-586D954456FD}.Release|iPhoneSimulator.Build.0 = Release|iPhoneSimulator
		{5C3F4A79-0646-41D3-88A2-586D954456FD}.Release|iPhoneSimulator.Deploy.0 = Release|iPhoneSimulator
		{5C3F4A79-0646-41D3-88A2-586D954456FD}.Release|x64.ActiveCfg = Release|iPhone
		{5C3F4A79-0646-41D3-88A2-586D954456FD}.Release|x64.Build.0 = Release|iPhone
		{5C3F4A79-0646-41D3-88A2-586D954456FD}.Release|x64.Deploy.0 = Release|iPhone
		{5C3F4A79-0646-41D3-88A2-586D954456FD}.Release|x86.ActiveCfg = Release|iPhone
		{5C3F4A79-0646-41D3-88A2-586D954456FD}.Release|x86.Build.0 = Release|iPhone
		{5C3F4A79-0646-41D3-88A2-586D954456FD}.Release|x86.Deploy.0 = Release|iPhone
		{8736BB00-7021-42B9-8140-9099DCE87849}.Ad-Hoc|Any CPU.ActiveCfg = Release|x86
		{8736BB00-7021-42B9-8140-9099DCE87849}.Ad-Hoc|Any CPU.Build.0 = Release|x86
		{8736BB00-7021-42B9-8140-9099DCE87849}.Ad-Hoc|Any CPU.Deploy.0 = Release|x86
		{8736BB00-7021-42B9-8140-9099DCE87849}.Ad-Hoc|ARM.ActiveCfg = Release|ARM
		{8736BB00-7021-42B9-8140-9099DCE87849}.Ad-Hoc|ARM.Build.0 = Release|ARM
		{8736BB00-7021-42B9-8140-9099DCE87849}.Ad-Hoc|ARM.Deploy.0 = Release|ARM
		{8736BB00-7021-42B9-8140-9099DCE87849}.Ad-Hoc|iPhone.ActiveCfg = Release|x86
		{8736BB00-7021-42B9-8140-9099DCE87849}.Ad-Hoc|iPhone.Build.0 = Release|x86
		{8736BB00-7021-42B9-8140-9099DCE87849}.Ad-Hoc|iPhone.Deploy.0 = Release|x86
		{8736BB00-7021-42B9-8140-9099DCE87849}.Ad-Hoc|iPhoneSimulator.ActiveCfg = Release|x86
		{8736BB00-7021-42B9-8140-9099DCE87849}.Ad-Hoc|iPhoneSimulator.Build.0 = Release|x86
		{8736BB00-7021-42B9-8140-9099DCE87849}.Ad-Hoc|iPhoneSimulator.Deploy.0 = Release|x86
		{8736BB00-7021-42B9-8140-9099DCE87849}.Ad-Hoc|x64.ActiveCfg = Release|x64
		{8736BB00-7021-42B9-8140-9099DCE87849}.Ad-Hoc|x64.Build.0 = Release|x64
		{8736BB00-7021-42B9-8140-9099DCE87849}.Ad-Hoc|x64.Deploy.0 = Release|x64
		{8736BB00-7021-42B9-8140-9099DCE87849}.Ad-Hoc|x86.ActiveCfg = Release|x86
		{8736BB00-7021-42B9-8140-9099DCE87849}.Ad-Hoc|x86.Build.0 = Release|x86
		{8736BB00-7021-42B9-8140-9099DCE87849}.Ad-Hoc|x86.Deploy.0 = Release|x86
		{8736BB00-7021-42B9-8140-9099DCE87849}.AppStore|Any CPU.ActiveCfg = Release|x86
		{8736BB00-7021-42B9-8140-9099DCE87849}.AppStore|Any CPU.Build.0 = Release|x86
		{8736BB00-7021-42B9-8140-9099DCE87849}.AppStore|Any CPU.Deploy.0 = Release|x86
		{8736BB00-7021-42B9-8140-9099DCE87849}.AppStore|ARM.ActiveCfg = Release|ARM
		{8736BB00-7021-42B9-8140-9099DCE87849}.AppStore|ARM.Build.0 = Release|ARM
		{8736BB00-7021-42B9-8140-9099DCE87849}.AppStore|ARM.Deploy.0 = Release|ARM
		{8736BB00-7021-42B9-8140-9099DCE87849}.AppStore|iPhone.ActiveCfg = Release|x86
		{8736BB00-7021-42B9-8140-9099DCE87849}.AppStore|iPhone.Build.0 = Release|x86
		{8736BB00-7021-42B9-8140-9099DCE87849}.AppStore|iPhone.Deploy.0 = Release|x86
		{8736BB00-7021-42B9-8140-9099DCE87849}.AppStore|iPhoneSimulator.ActiveCfg = Release|x86
		{8736BB00-7021-42B9-8140-9099DCE87849}.AppStore|iPhoneSimulator.Build.0 = Release|x86
		{8736BB00-7021-42B9-8140-9099DCE87849}.AppStore|iPhoneSimulator.Deploy.0 = Release|x86
		{8736BB00-7021-42B9-8140-9099DCE87849}.AppStore|x64.ActiveCfg = Release|x64
		{8736BB00-7021-42B9-8140-9099DCE87849}.AppStore|x64.Build.0 = Release|x64
		{8736BB00-7021-42B9-8140-9099DCE87849}.AppStore|x64.Deploy.0 = Release|x64
		{8736BB00-7021-42B9-8140-9099DCE87849}.AppStore|x86.ActiveCfg = Release|x86
		{8736BB00-7021-42B9-8140-9099DCE87849}.AppStore|x86.Build.0 = Release|x86
		{8736BB00-7021-42B9-8140-9099DCE87849}.AppStore|x86.Deploy.0 = Release|x86
		{8736BB00-7021-42B9-8140-9099DCE87849}.Debug|Any CPU.ActiveCfg = Debug|x86
		{8736BB00-7021-42B9-8140-9099DCE87849}.Debug|Any CPU.Build.0 = Debug|x86
		{8736BB00-7021-42B9-8140-9099DCE87849}.Debug|Any CPU.Deploy.0 = Debug|x86
		{8736BB00-7021-42B9-8140-9099DCE87849}.Debug|ARM.ActiveCfg = Debug|ARM
		{8736BB00-7021-42B9-8140-9099DCE87849}.Debug|ARM.Build.0 = Debug|ARM
		{8736BB00-7021-42B9-8140-9099DCE87849}.Debug|ARM.Deploy.0 = Debug|ARM
		{8736BB00-7021-42B9-8140-9099DCE87849}.Debug|iPhone.ActiveCfg = Debug|x86
		{8736BB00-7021-42B9-8140-9099DCE87849}.Debug|iPhone.Build.0 = Debug|x86
		{8736BB00-7021-42B9-8140-9099DCE87849}.Debug|iPhone.Deploy.0 = Debug|x86
		{8736BB00-7021-42B9-8140-9099DCE87849}.Debug|iPhoneSimulator.ActiveCfg = Debug|x86
		{8736BB00-7021-42B9-8140-9099DCE87849}.Debug|iPhoneSimulator.Build.0 = Debug|x86
		{8736BB00-7021-42B9-8140-9099DCE87849}.Debug|iPhoneSimulator.Deploy.0 = Debug|x86
		{8736BB00-7021-42B9-8140-9099DCE87849}.Debug|x64.ActiveCfg = Debug|x64
		{8736BB00-7021-42B9-8140-9099DCE87849}.Debug|x64.Build.0 = Debug|x64
		{8736BB00-7021-42B9-8140-9099DCE87849}.Debug|x64.Deploy.0 = Debug|x64
		{8736BB00-7021-42B9-8140-9099DCE87849}.Debug|x86.ActiveCfg = Debug|x86
		{8736BB00-7021-42B9-8140-9099DCE87849}.Debug|x86.Build.0 = Debug|x86
		{8736BB00-7021-42B9-8140-9099DCE87849}.Debug|x86.Deploy.0 = Debug|x86
		{8736BB00-7021-42B9-8140-9099DCE87849}.Perf|Any CPU.ActiveCfg = Debug|x64
		{8736BB00-7021-42B9-8140-9099DCE87849}.Perf|Any CPU.Build.0 = Debug|x64
		{8736BB00-7021-42B9-8140-9099DCE87849}.Perf|Any CPU.Deploy.0 = Debug|x64
		{8736BB00-7021-42B9-8140-9099DCE87849}.Perf|ARM.ActiveCfg = Debug|ARM
		{8736BB00-7021-42B9-8140-9099DCE87849}.Perf|ARM.Build.0 = Debug|ARM
		{8736BB00-7021-42B9-8140-9099DCE87849}.Perf|ARM.Deploy.0 = Debug|ARM
		{8736BB00-7021-42B9-8140-9099DCE87849}.Perf|iPhone.ActiveCfg = Debug|x64
		{8736BB00-7021-42B9-8140-9099DCE87849}.Perf|iPhone.Build.0 = Debug|x64
		{8736BB00-7021-42B9-8140-9099DCE87849}.Perf|iPhone.Deploy.0 = Debug|x64
		{8736BB00-7021-42B9-8140-9099DCE87849}.Perf|iPhoneSimulator.ActiveCfg = Debug|x64
		{8736BB00-7021-42B9-8140-9099DCE87849}.Perf|iPhoneSimulator.Build.0 = Debug|x64
		{8736BB00-7021-42B9-8140-9099DCE87849}.Perf|iPhoneSimulator.Deploy.0 = Debug|x64
		{8736BB00-7021-42B9-8140-9099DCE87849}.Perf|x64.ActiveCfg = Debug|x64
		{8736BB00-7021-42B9-8140-9099DCE87849}.Perf|x64.Build.0 = Debug|x64
		{8736BB00-7021-42B9-8140-9099DCE87849}.Perf|x64.Deploy.0 = Debug|x64
		{8736BB00-7021-42B9-8140-9099DCE87849}.Perf|x86.ActiveCfg = Debug|x86
		{8736BB00-7021-42B9-8140-9099DCE87849}.Perf|x86.Build.0 = Debug|x86
		{8736BB00-7021-42B9-8140-9099DCE87849}.Perf|x86.Deploy.0 = Debug|x86
		{8736BB00-7021-42B9-8140-9099DCE87849}.Release|Any CPU.ActiveCfg = Release|x86
		{8736BB00-7021-42B9-8140-9099DCE87849}.Release|Any CPU.Build.0 = Release|x86
		{8736BB00-7021-42B9-8140-9099DCE87849}.Release|Any CPU.Deploy.0 = Release|x86
		{8736BB00-7021-42B9-8140-9099DCE87849}.Release|ARM.ActiveCfg = Release|ARM
		{8736BB00-7021-42B9-8140-9099DCE87849}.Release|ARM.Build.0 = Release|ARM
		{8736BB00-7021-42B9-8140-9099DCE87849}.Release|ARM.Deploy.0 = Release|ARM
		{8736BB00-7021-42B9-8140-9099DCE87849}.Release|iPhone.ActiveCfg = Release|x86
		{8736BB00-7021-42B9-8140-9099DCE87849}.Release|iPhone.Build.0 = Release|x86
		{8736BB00-7021-42B9-8140-9099DCE87849}.Release|iPhone.Deploy.0 = Release|x86
		{8736BB00-7021-42B9-8140-9099DCE87849}.Release|iPhoneSimulator.ActiveCfg = Release|x86
		{8736BB00-7021-42B9-8140-9099DCE87849}.Release|iPhoneSimulator.Build.0 = Release|x86
		{8736BB00-7021-42B9-8140-9099DCE87849}.Release|iPhoneSimulator.Deploy.0 = Release|x86
		{8736BB00-7021-42B9-8140-9099DCE87849}.Release|x64.ActiveCfg = Release|x64
		{8736BB00-7021-42B9-8140-9099DCE87849}.Release|x64.Build.0 = Release|x64
		{8736BB00-7021-42B9-8140-9099DCE87849}.Release|x64.Deploy.0 = Release|x64
		{8736BB00-7021-42B9-8140-9099DCE87849}.Release|x86.ActiveCfg = Release|x86
		{8736BB00-7021-42B9-8140-9099DCE87849}.Release|x86.Build.0 = Release|x86
		{8736BB00-7021-42B9-8140-9099DCE87849}.Release|x86.Deploy.0 = Release|x86
		{CA656E14-09C3-4F5D-8369-3E52D61FE5D9}.Ad-Hoc|Any CPU.ActiveCfg = Debug|Any CPU
		{CA656E14-09C3-4F5D-8369-3E52D61FE5D9}.Ad-Hoc|Any CPU.Build.0 = Debug|Any CPU
		{CA656E14-09C3-4F5D-8369-3E52D61FE5D9}.Ad-Hoc|Any CPU.Deploy.0 = Debug|Any CPU
		{CA656E14-09C3-4F5D-8369-3E52D61FE5D9}.Ad-Hoc|ARM.ActiveCfg = Debug|Any CPU
		{CA656E14-09C3-4F5D-8369-3E52D61FE5D9}.Ad-Hoc|ARM.Build.0 = Debug|Any CPU
		{CA656E14-09C3-4F5D-8369-3E52D61FE5D9}.Ad-Hoc|ARM.Deploy.0 = Debug|Any CPU
		{CA656E14-09C3-4F5D-8369-3E52D61FE5D9}.Ad-Hoc|iPhone.ActiveCfg = Debug|Any CPU
		{CA656E14-09C3-4F5D-8369-3E52D61FE5D9}.Ad-Hoc|iPhone.Build.0 = Debug|Any CPU
		{CA656E14-09C3-4F5D-8369-3E52D61FE5D9}.Ad-Hoc|iPhone.Deploy.0 = Debug|Any CPU
		{CA656E14-09C3-4F5D-8369-3E52D61FE5D9}.Ad-Hoc|iPhoneSimulator.ActiveCfg = Debug|Any CPU
		{CA656E14-09C3-4F5D-8369-3E52D61FE5D9}.Ad-Hoc|iPhoneSimulator.Build.0 = Debug|Any CPU
		{CA656E14-09C3-4F5D-8369-3E52D61FE5D9}.Ad-Hoc|iPhoneSimulator.Deploy.0 = Debug|Any CPU
		{CA656E14-09C3-4F5D-8369-3E52D61FE5D9}.Ad-Hoc|x64.ActiveCfg = Debug|Any CPU
		{CA656E14-09C3-4F5D-8369-3E52D61FE5D9}.Ad-Hoc|x64.Build.0 = Debug|Any CPU
		{CA656E14-09C3-4F5D-8369-3E52D61FE5D9}.Ad-Hoc|x64.Deploy.0 = Debug|Any CPU
		{CA656E14-09C3-4F5D-8369-3E52D61FE5D9}.Ad-Hoc|x86.ActiveCfg = Debug|Any CPU
		{CA656E14-09C3-4F5D-8369-3E52D61FE5D9}.Ad-Hoc|x86.Build.0 = Debug|Any CPU
		{CA656E14-09C3-4F5D-8369-3E52D61FE5D9}.Ad-Hoc|x86.Deploy.0 = Debug|Any CPU
		{CA656E14-09C3-4F5D-8369-3E52D61FE5D9}.AppStore|Any CPU.ActiveCfg = Debug|Any CPU
		{CA656E14-09C3-4F5D-8369-3E52D61FE5D9}.AppStore|Any CPU.Build.0 = Debug|Any CPU
		{CA656E14-09C3-4F5D-8369-3E52D61FE5D9}.AppStore|Any CPU.Deploy.0 = Debug|Any CPU
		{CA656E14-09C3-4F5D-8369-3E52D61FE5D9}.AppStore|ARM.ActiveCfg = Debug|Any CPU
		{CA656E14-09C3-4F5D-8369-3E52D61FE5D9}.AppStore|ARM.Build.0 = Debug|Any CPU
		{CA656E14-09C3-4F5D-8369-3E52D61FE5D9}.AppStore|ARM.Deploy.0 = Debug|Any CPU
		{CA656E14-09C3-4F5D-8369-3E52D61FE5D9}.AppStore|iPhone.ActiveCfg = Debug|Any CPU
		{CA656E14-09C3-4F5D-8369-3E52D61FE5D9}.AppStore|iPhone.Build.0 = Debug|Any CPU
		{CA656E14-09C3-4F5D-8369-3E52D61FE5D9}.AppStore|iPhone.Deploy.0 = Debug|Any CPU
		{CA656E14-09C3-4F5D-8369-3E52D61FE5D9}.AppStore|iPhoneSimulator.ActiveCfg = Debug|Any CPU
		{CA656E14-09C3-4F5D-8369-3E52D61FE5D9}.AppStore|iPhoneSimulator.Build.0 = Debug|Any CPU
		{CA656E14-09C3-4F5D-8369-3E52D61FE5D9}.AppStore|iPhoneSimulator.Deploy.0 = Debug|Any CPU
		{CA656E14-09C3-4F5D-8369-3E52D61FE5D9}.AppStore|x64.ActiveCfg = Debug|Any CPU
		{CA656E14-09C3-4F5D-8369-3E52D61FE5D9}.AppStore|x64.Build.0 = Debug|Any CPU
		{CA656E14-09C3-4F5D-8369-3E52D61FE5D9}.AppStore|x64.Deploy.0 = Debug|Any CPU
		{CA656E14-09C3-4F5D-8369-3E52D61FE5D9}.AppStore|x86.ActiveCfg = Debug|Any CPU
		{CA656E14-09C3-4F5D-8369-3E52D61FE5D9}.AppStore|x86.Build.0 = Debug|Any CPU
		{CA656E14-09C3-4F5D-8369-3E52D61FE5D9}.AppStore|x86.Deploy.0 = Debug|Any CPU
		{CA656E14-09C3-4F5D-8369-3E52D61FE5D9}.Debug|Any CPU.ActiveCfg = Debug|Any CPU
		{CA656E14-09C3-4F5D-8369-3E52D61FE5D9}.Debug|Any CPU.Build.0 = Debug|Any CPU
		{CA656E14-09C3-4F5D-8369-3E52D61FE5D9}.Debug|Any CPU.Deploy.0 = Debug|Any CPU
		{CA656E14-09C3-4F5D-8369-3E52D61FE5D9}.Debug|ARM.ActiveCfg = Debug|Any CPU
		{CA656E14-09C3-4F5D-8369-3E52D61FE5D9}.Debug|ARM.Build.0 = Debug|Any CPU
		{CA656E14-09C3-4F5D-8369-3E52D61FE5D9}.Debug|ARM.Deploy.0 = Debug|Any CPU
		{CA656E14-09C3-4F5D-8369-3E52D61FE5D9}.Debug|iPhone.ActiveCfg = Debug|Any CPU
		{CA656E14-09C3-4F5D-8369-3E52D61FE5D9}.Debug|iPhone.Build.0 = Debug|Any CPU
		{CA656E14-09C3-4F5D-8369-3E52D61FE5D9}.Debug|iPhone.Deploy.0 = Debug|Any CPU
		{CA656E14-09C3-4F5D-8369-3E52D61FE5D9}.Debug|iPhoneSimulator.ActiveCfg = Debug|Any CPU
		{CA656E14-09C3-4F5D-8369-3E52D61FE5D9}.Debug|iPhoneSimulator.Build.0 = Debug|Any CPU
		{CA656E14-09C3-4F5D-8369-3E52D61FE5D9}.Debug|iPhoneSimulator.Deploy.0 = Debug|Any CPU
		{CA656E14-09C3-4F5D-8369-3E52D61FE5D9}.Debug|x64.ActiveCfg = Debug|Any CPU
		{CA656E14-09C3-4F5D-8369-3E52D61FE5D9}.Debug|x64.Build.0 = Debug|Any CPU
		{CA656E14-09C3-4F5D-8369-3E52D61FE5D9}.Debug|x64.Deploy.0 = Debug|Any CPU
		{CA656E14-09C3-4F5D-8369-3E52D61FE5D9}.Debug|x86.ActiveCfg = Debug|Any CPU
		{CA656E14-09C3-4F5D-8369-3E52D61FE5D9}.Debug|x86.Build.0 = Debug|Any CPU
		{CA656E14-09C3-4F5D-8369-3E52D61FE5D9}.Debug|x86.Deploy.0 = Debug|Any CPU
		{CA656E14-09C3-4F5D-8369-3E52D61FE5D9}.Perf|Any CPU.ActiveCfg = Release|Any CPU
		{CA656E14-09C3-4F5D-8369-3E52D61FE5D9}.Perf|Any CPU.Build.0 = Release|Any CPU
		{CA656E14-09C3-4F5D-8369-3E52D61FE5D9}.Perf|ARM.ActiveCfg = Release|Any CPU
		{CA656E14-09C3-4F5D-8369-3E52D61FE5D9}.Perf|ARM.Build.0 = Release|Any CPU
		{CA656E14-09C3-4F5D-8369-3E52D61FE5D9}.Perf|iPhone.ActiveCfg = Release|Any CPU
		{CA656E14-09C3-4F5D-8369-3E52D61FE5D9}.Perf|iPhone.Build.0 = Release|Any CPU
		{CA656E14-09C3-4F5D-8369-3E52D61FE5D9}.Perf|iPhoneSimulator.ActiveCfg = Release|Any CPU
		{CA656E14-09C3-4F5D-8369-3E52D61FE5D9}.Perf|iPhoneSimulator.Build.0 = Release|Any CPU
		{CA656E14-09C3-4F5D-8369-3E52D61FE5D9}.Perf|x64.ActiveCfg = Release|Any CPU
		{CA656E14-09C3-4F5D-8369-3E52D61FE5D9}.Perf|x64.Build.0 = Release|Any CPU
		{CA656E14-09C3-4F5D-8369-3E52D61FE5D9}.Perf|x86.ActiveCfg = Release|Any CPU
		{CA656E14-09C3-4F5D-8369-3E52D61FE5D9}.Perf|x86.Build.0 = Release|Any CPU
		{CA656E14-09C3-4F5D-8369-3E52D61FE5D9}.Release|Any CPU.ActiveCfg = Release|Any CPU
		{CA656E14-09C3-4F5D-8369-3E52D61FE5D9}.Release|Any CPU.Build.0 = Release|Any CPU
		{CA656E14-09C3-4F5D-8369-3E52D61FE5D9}.Release|Any CPU.Deploy.0 = Release|Any CPU
		{CA656E14-09C3-4F5D-8369-3E52D61FE5D9}.Release|ARM.ActiveCfg = Release|Any CPU
		{CA656E14-09C3-4F5D-8369-3E52D61FE5D9}.Release|ARM.Build.0 = Release|Any CPU
		{CA656E14-09C3-4F5D-8369-3E52D61FE5D9}.Release|ARM.Deploy.0 = Release|Any CPU
		{CA656E14-09C3-4F5D-8369-3E52D61FE5D9}.Release|iPhone.ActiveCfg = Release|Any CPU
		{CA656E14-09C3-4F5D-8369-3E52D61FE5D9}.Release|iPhone.Build.0 = Release|Any CPU
		{CA656E14-09C3-4F5D-8369-3E52D61FE5D9}.Release|iPhone.Deploy.0 = Release|Any CPU
		{CA656E14-09C3-4F5D-8369-3E52D61FE5D9}.Release|iPhoneSimulator.ActiveCfg = Release|Any CPU
		{CA656E14-09C3-4F5D-8369-3E52D61FE5D9}.Release|iPhoneSimulator.Build.0 = Release|Any CPU
		{CA656E14-09C3-4F5D-8369-3E52D61FE5D9}.Release|iPhoneSimulator.Deploy.0 = Release|Any CPU
		{CA656E14-09C3-4F5D-8369-3E52D61FE5D9}.Release|x64.ActiveCfg = Release|Any CPU
		{CA656E14-09C3-4F5D-8369-3E52D61FE5D9}.Release|x64.Build.0 = Release|Any CPU
		{CA656E14-09C3-4F5D-8369-3E52D61FE5D9}.Release|x64.Deploy.0 = Release|Any CPU
		{CA656E14-09C3-4F5D-8369-3E52D61FE5D9}.Release|x86.ActiveCfg = Release|Any CPU
		{CA656E14-09C3-4F5D-8369-3E52D61FE5D9}.Release|x86.Build.0 = Release|Any CPU
		{CA656E14-09C3-4F5D-8369-3E52D61FE5D9}.Release|x86.Deploy.0 = Release|Any CPU
		{6579FFFA-AF43-4A33-B095-33CF74176461}.Ad-Hoc|Any CPU.ActiveCfg = Debug|Any CPU
		{6579FFFA-AF43-4A33-B095-33CF74176461}.Ad-Hoc|Any CPU.Build.0 = Debug|Any CPU
		{6579FFFA-AF43-4A33-B095-33CF74176461}.Ad-Hoc|ARM.ActiveCfg = Debug|Any CPU
		{6579FFFA-AF43-4A33-B095-33CF74176461}.Ad-Hoc|ARM.Build.0 = Debug|Any CPU
		{6579FFFA-AF43-4A33-B095-33CF74176461}.Ad-Hoc|iPhone.ActiveCfg = Debug|Any CPU
		{6579FFFA-AF43-4A33-B095-33CF74176461}.Ad-Hoc|iPhone.Build.0 = Debug|Any CPU
		{6579FFFA-AF43-4A33-B095-33CF74176461}.Ad-Hoc|iPhoneSimulator.ActiveCfg = Debug|Any CPU
		{6579FFFA-AF43-4A33-B095-33CF74176461}.Ad-Hoc|iPhoneSimulator.Build.0 = Debug|Any CPU
		{6579FFFA-AF43-4A33-B095-33CF74176461}.Ad-Hoc|x64.ActiveCfg = Debug|Any CPU
		{6579FFFA-AF43-4A33-B095-33CF74176461}.Ad-Hoc|x64.Build.0 = Debug|Any CPU
		{6579FFFA-AF43-4A33-B095-33CF74176461}.Ad-Hoc|x86.ActiveCfg = Debug|Any CPU
		{6579FFFA-AF43-4A33-B095-33CF74176461}.Ad-Hoc|x86.Build.0 = Debug|Any CPU
		{6579FFFA-AF43-4A33-B095-33CF74176461}.AppStore|Any CPU.ActiveCfg = Debug|Any CPU
		{6579FFFA-AF43-4A33-B095-33CF74176461}.AppStore|Any CPU.Build.0 = Debug|Any CPU
		{6579FFFA-AF43-4A33-B095-33CF74176461}.AppStore|ARM.ActiveCfg = Debug|Any CPU
		{6579FFFA-AF43-4A33-B095-33CF74176461}.AppStore|ARM.Build.0 = Debug|Any CPU
		{6579FFFA-AF43-4A33-B095-33CF74176461}.AppStore|iPhone.ActiveCfg = Debug|Any CPU
		{6579FFFA-AF43-4A33-B095-33CF74176461}.AppStore|iPhone.Build.0 = Debug|Any CPU
		{6579FFFA-AF43-4A33-B095-33CF74176461}.AppStore|iPhoneSimulator.ActiveCfg = Debug|Any CPU
		{6579FFFA-AF43-4A33-B095-33CF74176461}.AppStore|iPhoneSimulator.Build.0 = Debug|Any CPU
		{6579FFFA-AF43-4A33-B095-33CF74176461}.AppStore|x64.ActiveCfg = Debug|Any CPU
		{6579FFFA-AF43-4A33-B095-33CF74176461}.AppStore|x64.Build.0 = Debug|Any CPU
		{6579FFFA-AF43-4A33-B095-33CF74176461}.AppStore|x86.ActiveCfg = Debug|Any CPU
		{6579FFFA-AF43-4A33-B095-33CF74176461}.AppStore|x86.Build.0 = Debug|Any CPU
		{6579FFFA-AF43-4A33-B095-33CF74176461}.Debug|Any CPU.ActiveCfg = Debug|Any CPU
		{6579FFFA-AF43-4A33-B095-33CF74176461}.Debug|Any CPU.Build.0 = Debug|Any CPU
		{6579FFFA-AF43-4A33-B095-33CF74176461}.Debug|ARM.ActiveCfg = Debug|Any CPU
		{6579FFFA-AF43-4A33-B095-33CF74176461}.Debug|ARM.Build.0 = Debug|Any CPU
		{6579FFFA-AF43-4A33-B095-33CF74176461}.Debug|iPhone.ActiveCfg = Debug|Any CPU
		{6579FFFA-AF43-4A33-B095-33CF74176461}.Debug|iPhone.Build.0 = Debug|Any CPU
		{6579FFFA-AF43-4A33-B095-33CF74176461}.Debug|iPhoneSimulator.ActiveCfg = Debug|Any CPU
		{6579FFFA-AF43-4A33-B095-33CF74176461}.Debug|iPhoneSimulator.Build.0 = Debug|Any CPU
		{6579FFFA-AF43-4A33-B095-33CF74176461}.Debug|x64.ActiveCfg = Debug|Any CPU
		{6579FFFA-AF43-4A33-B095-33CF74176461}.Debug|x64.Build.0 = Debug|Any CPU
		{6579FFFA-AF43-4A33-B095-33CF74176461}.Debug|x86.ActiveCfg = Debug|Any CPU
		{6579FFFA-AF43-4A33-B095-33CF74176461}.Debug|x86.Build.0 = Debug|Any CPU
		{6579FFFA-AF43-4A33-B095-33CF74176461}.Perf|Any CPU.ActiveCfg = Debug|Any CPU
		{6579FFFA-AF43-4A33-B095-33CF74176461}.Perf|Any CPU.Build.0 = Debug|Any CPU
		{6579FFFA-AF43-4A33-B095-33CF74176461}.Perf|ARM.ActiveCfg = Debug|Any CPU
		{6579FFFA-AF43-4A33-B095-33CF74176461}.Perf|ARM.Build.0 = Debug|Any CPU
		{6579FFFA-AF43-4A33-B095-33CF74176461}.Perf|iPhone.ActiveCfg = Debug|Any CPU
		{6579FFFA-AF43-4A33-B095-33CF74176461}.Perf|iPhone.Build.0 = Debug|Any CPU
		{6579FFFA-AF43-4A33-B095-33CF74176461}.Perf|iPhoneSimulator.ActiveCfg = Debug|Any CPU
		{6579FFFA-AF43-4A33-B095-33CF74176461}.Perf|iPhoneSimulator.Build.0 = Debug|Any CPU
		{6579FFFA-AF43-4A33-B095-33CF74176461}.Perf|x64.ActiveCfg = Debug|Any CPU
		{6579FFFA-AF43-4A33-B095-33CF74176461}.Perf|x64.Build.0 = Debug|Any CPU
		{6579FFFA-AF43-4A33-B095-33CF74176461}.Perf|x86.ActiveCfg = Debug|Any CPU
		{6579FFFA-AF43-4A33-B095-33CF74176461}.Perf|x86.Build.0 = Debug|Any CPU
		{6579FFFA-AF43-4A33-B095-33CF74176461}.Release|Any CPU.ActiveCfg = Release|Any CPU
		{6579FFFA-AF43-4A33-B095-33CF74176461}.Release|Any CPU.Build.0 = Release|Any CPU
		{6579FFFA-AF43-4A33-B095-33CF74176461}.Release|ARM.ActiveCfg = Release|Any CPU
		{6579FFFA-AF43-4A33-B095-33CF74176461}.Release|ARM.Build.0 = Release|Any CPU
		{6579FFFA-AF43-4A33-B095-33CF74176461}.Release|iPhone.ActiveCfg = Release|Any CPU
		{6579FFFA-AF43-4A33-B095-33CF74176461}.Release|iPhone.Build.0 = Release|Any CPU
		{6579FFFA-AF43-4A33-B095-33CF74176461}.Release|iPhoneSimulator.ActiveCfg = Release|Any CPU
		{6579FFFA-AF43-4A33-B095-33CF74176461}.Release|iPhoneSimulator.Build.0 = Release|Any CPU
		{6579FFFA-AF43-4A33-B095-33CF74176461}.Release|x64.ActiveCfg = Release|Any CPU
		{6579FFFA-AF43-4A33-B095-33CF74176461}.Release|x64.Build.0 = Release|Any CPU
		{6579FFFA-AF43-4A33-B095-33CF74176461}.Release|x86.ActiveCfg = Release|Any CPU
		{6579FFFA-AF43-4A33-B095-33CF74176461}.Release|x86.Build.0 = Release|Any CPU
		{5E9B9AB3-59E8-44FA-B3DC-5EE67800C462}.Ad-Hoc|Any CPU.ActiveCfg = Perf|Any CPU
		{5E9B9AB3-59E8-44FA-B3DC-5EE67800C462}.Ad-Hoc|Any CPU.Build.0 = Perf|Any CPU
		{5E9B9AB3-59E8-44FA-B3DC-5EE67800C462}.Ad-Hoc|ARM.ActiveCfg = Perf|Any CPU
		{5E9B9AB3-59E8-44FA-B3DC-5EE67800C462}.Ad-Hoc|ARM.Build.0 = Perf|Any CPU
		{5E9B9AB3-59E8-44FA-B3DC-5EE67800C462}.Ad-Hoc|iPhone.ActiveCfg = Perf|Any CPU
		{5E9B9AB3-59E8-44FA-B3DC-5EE67800C462}.Ad-Hoc|iPhone.Build.0 = Perf|Any CPU
		{5E9B9AB3-59E8-44FA-B3DC-5EE67800C462}.Ad-Hoc|iPhoneSimulator.ActiveCfg = Perf|Any CPU
		{5E9B9AB3-59E8-44FA-B3DC-5EE67800C462}.Ad-Hoc|iPhoneSimulator.Build.0 = Perf|Any CPU
		{5E9B9AB3-59E8-44FA-B3DC-5EE67800C462}.Ad-Hoc|x64.ActiveCfg = Perf|Any CPU
		{5E9B9AB3-59E8-44FA-B3DC-5EE67800C462}.Ad-Hoc|x64.Build.0 = Perf|Any CPU
		{5E9B9AB3-59E8-44FA-B3DC-5EE67800C462}.Ad-Hoc|x86.ActiveCfg = Perf|Any CPU
		{5E9B9AB3-59E8-44FA-B3DC-5EE67800C462}.Ad-Hoc|x86.Build.0 = Perf|Any CPU
		{5E9B9AB3-59E8-44FA-B3DC-5EE67800C462}.AppStore|Any CPU.ActiveCfg = Perf|Any CPU
		{5E9B9AB3-59E8-44FA-B3DC-5EE67800C462}.AppStore|Any CPU.Build.0 = Perf|Any CPU
		{5E9B9AB3-59E8-44FA-B3DC-5EE67800C462}.AppStore|ARM.ActiveCfg = Perf|Any CPU
		{5E9B9AB3-59E8-44FA-B3DC-5EE67800C462}.AppStore|ARM.Build.0 = Perf|Any CPU
		{5E9B9AB3-59E8-44FA-B3DC-5EE67800C462}.AppStore|iPhone.ActiveCfg = Perf|Any CPU
		{5E9B9AB3-59E8-44FA-B3DC-5EE67800C462}.AppStore|iPhone.Build.0 = Perf|Any CPU
		{5E9B9AB3-59E8-44FA-B3DC-5EE67800C462}.AppStore|iPhoneSimulator.ActiveCfg = Perf|Any CPU
		{5E9B9AB3-59E8-44FA-B3DC-5EE67800C462}.AppStore|iPhoneSimulator.Build.0 = Perf|Any CPU
		{5E9B9AB3-59E8-44FA-B3DC-5EE67800C462}.AppStore|x64.ActiveCfg = Perf|Any CPU
		{5E9B9AB3-59E8-44FA-B3DC-5EE67800C462}.AppStore|x64.Build.0 = Perf|Any CPU
		{5E9B9AB3-59E8-44FA-B3DC-5EE67800C462}.AppStore|x86.ActiveCfg = Perf|Any CPU
		{5E9B9AB3-59E8-44FA-B3DC-5EE67800C462}.AppStore|x86.Build.0 = Perf|Any CPU
		{5E9B9AB3-59E8-44FA-B3DC-5EE67800C462}.Debug|Any CPU.ActiveCfg = Debug|Any CPU
		{5E9B9AB3-59E8-44FA-B3DC-5EE67800C462}.Debug|Any CPU.Build.0 = Debug|Any CPU
		{5E9B9AB3-59E8-44FA-B3DC-5EE67800C462}.Debug|ARM.ActiveCfg = Debug|Any CPU
		{5E9B9AB3-59E8-44FA-B3DC-5EE67800C462}.Debug|ARM.Build.0 = Debug|Any CPU
		{5E9B9AB3-59E8-44FA-B3DC-5EE67800C462}.Debug|iPhone.ActiveCfg = Debug|Any CPU
		{5E9B9AB3-59E8-44FA-B3DC-5EE67800C462}.Debug|iPhone.Build.0 = Debug|Any CPU
		{5E9B9AB3-59E8-44FA-B3DC-5EE67800C462}.Debug|iPhoneSimulator.ActiveCfg = Debug|Any CPU
		{5E9B9AB3-59E8-44FA-B3DC-5EE67800C462}.Debug|iPhoneSimulator.Build.0 = Debug|Any CPU
		{5E9B9AB3-59E8-44FA-B3DC-5EE67800C462}.Debug|x64.ActiveCfg = Debug|Any CPU
		{5E9B9AB3-59E8-44FA-B3DC-5EE67800C462}.Debug|x64.Build.0 = Debug|Any CPU
		{5E9B9AB3-59E8-44FA-B3DC-5EE67800C462}.Debug|x86.ActiveCfg = Debug|Any CPU
		{5E9B9AB3-59E8-44FA-B3DC-5EE67800C462}.Debug|x86.Build.0 = Debug|Any CPU
		{5E9B9AB3-59E8-44FA-B3DC-5EE67800C462}.Perf|Any CPU.ActiveCfg = Perf|Any CPU
		{5E9B9AB3-59E8-44FA-B3DC-5EE67800C462}.Perf|Any CPU.Build.0 = Perf|Any CPU
		{5E9B9AB3-59E8-44FA-B3DC-5EE67800C462}.Perf|ARM.ActiveCfg = Perf|Any CPU
		{5E9B9AB3-59E8-44FA-B3DC-5EE67800C462}.Perf|ARM.Build.0 = Perf|Any CPU
		{5E9B9AB3-59E8-44FA-B3DC-5EE67800C462}.Perf|iPhone.ActiveCfg = Perf|Any CPU
		{5E9B9AB3-59E8-44FA-B3DC-5EE67800C462}.Perf|iPhone.Build.0 = Perf|Any CPU
		{5E9B9AB3-59E8-44FA-B3DC-5EE67800C462}.Perf|iPhoneSimulator.ActiveCfg = Perf|Any CPU
		{5E9B9AB3-59E8-44FA-B3DC-5EE67800C462}.Perf|iPhoneSimulator.Build.0 = Perf|Any CPU
		{5E9B9AB3-59E8-44FA-B3DC-5EE67800C462}.Perf|x64.ActiveCfg = Perf|Any CPU
		{5E9B9AB3-59E8-44FA-B3DC-5EE67800C462}.Perf|x64.Build.0 = Perf|Any CPU
		{5E9B9AB3-59E8-44FA-B3DC-5EE67800C462}.Perf|x86.ActiveCfg = Perf|Any CPU
		{5E9B9AB3-59E8-44FA-B3DC-5EE67800C462}.Perf|x86.Build.0 = Perf|Any CPU
		{5E9B9AB3-59E8-44FA-B3DC-5EE67800C462}.Release|Any CPU.ActiveCfg = Release|Any CPU
		{5E9B9AB3-59E8-44FA-B3DC-5EE67800C462}.Release|Any CPU.Build.0 = Release|Any CPU
		{5E9B9AB3-59E8-44FA-B3DC-5EE67800C462}.Release|ARM.ActiveCfg = Release|Any CPU
		{5E9B9AB3-59E8-44FA-B3DC-5EE67800C462}.Release|ARM.Build.0 = Release|Any CPU
		{5E9B9AB3-59E8-44FA-B3DC-5EE67800C462}.Release|iPhone.ActiveCfg = Release|Any CPU
		{5E9B9AB3-59E8-44FA-B3DC-5EE67800C462}.Release|iPhone.Build.0 = Release|Any CPU
		{5E9B9AB3-59E8-44FA-B3DC-5EE67800C462}.Release|iPhoneSimulator.ActiveCfg = Release|Any CPU
		{5E9B9AB3-59E8-44FA-B3DC-5EE67800C462}.Release|iPhoneSimulator.Build.0 = Release|Any CPU
		{5E9B9AB3-59E8-44FA-B3DC-5EE67800C462}.Release|x64.ActiveCfg = Release|Any CPU
		{5E9B9AB3-59E8-44FA-B3DC-5EE67800C462}.Release|x64.Build.0 = Release|Any CPU
		{5E9B9AB3-59E8-44FA-B3DC-5EE67800C462}.Release|x86.ActiveCfg = Release|Any CPU
		{5E9B9AB3-59E8-44FA-B3DC-5EE67800C462}.Release|x86.Build.0 = Release|Any CPU
	EndGlobalSection
	GlobalSection(SolutionProperties) = preSolution
		HideSolutionNode = FALSE
	EndGlobalSection
	GlobalSection(ExtensibilityGlobals) = postSolution
		SolutionGuid = {7FFAA2B6-0DC1-4158-99C7-D80415D0ACEB}
	EndGlobalSection
EndGlobal
